// !$*UTF8*$!
{
	archiveVersion = 1;
	classes = {
	};
	objectVersion = 46;
	objects = {

/* Begin PBXFileReference section */
		01CE8B1C1DAFDE4200BD704A /* Modulo02_MiniReto.playground */ = {isa = PBXFileReference; lastKnownFileType = file.playground; path = Modulo02_MiniReto.playground; sourceTree = "<group>"; };
/* End PBXFileReference section */

/* Begin PBXGroup section */
		01CC6D701DAFC1C50081D8C0 = {
			isa = PBXGroup;
			children = (
				01CE8B1C1DAFDE4200BD704A /* Modulo02_MiniReto.playground */,
			);
			sourceTree = "<group>";
		};
/* End PBXGroup section */

/* Begin PBXProject section */
		01CC6D711DAFC1C50081D8C0 /* Project object */ = {
			isa = PBXProject;
			attributes = {
				LastUpgradeCheck = 0640;
			};
			buildConfigurationList = 01CC6D741DAFC1C50081D8C0 /* Build configuration list for PBXProject "SwiftGitHub" */;
			compatibilityVersion = "Xcode 3.2";
			developmentRegion = English;
			hasScannedForEncodings = 0;
			knownRegions = (
				en,
			);
			mainGroup = 01CC6D701DAFC1C50081D8C0;
			projectDirPath = "";
			projectRoot = "";
			targets = (
			);
		};
/* End PBXProject section */

/* Begin XCBuildConfiguration section */
		01CC6D751DAFC1C50081D8C0 /* Debug */ = {
			isa = XCBuildConfiguration;
			buildSettings = {
			};
			name = Debug;
		};
		01CC6D761DAFC1C50081D8C0 /* Release */ = {
			isa = XCBuildConfiguration;
			buildSettings = {
			};
			name = Release;
		};
/* End XCBuildConfiguration section */

/* Begin XCConfigurationList section */
		01CC6D741DAFC1C50081D8C0 /* Build configuration list for PBXProject "SwiftGitHub" */ = {
			isa = XCConfigurationList;
			buildConfigurations = (
				01CC6D751DAFC1C50081D8C0 /* Debug */,
				01CC6D761DAFC1C50081D8C0 /* Release */,
			);
			defaultConfigurationIsVisible = 0;
			defaultConfigurationName = Release;
		};
/* End XCConfigurationList section */
	};
	rootObject = 01CC6D711DAFC1C50081D8C0 /* Project object */;
}
